
Microsoft Visual Studio Solution File, Format Version 12.00
# Visual Studio Version 17
VisualStudioVersion = 17.11.35219.272
MinimumVisualStudioVersion = 10.0.40219.1
Project("{FAE04EC0-301F-11D3-BF4B-00C04F79EFBC}") = "26GAMALIER", "26GAMALIER.csproj", "{5035F3EA-5E1D-4432-9CA8-277D36ED7E23}"
EndProject
Global
	GlobalSection(SolutionConfigurationPlatforms) = preSolution
		Debug|Any CPU = Debug|Any CPU
		Release|Any CPU = Release|Any CPU
	EndGlobalSection
	GlobalSection(ProjectConfigurationPlatforms) = postSolution
		{5035F3EA-5E1D-4432-9CA8-277D36ED7E23}.Debug|Any CPU.ActiveCfg = Debug|Any CPU
		{5035F3EA-5E1D-4432-9CA8-277D36ED7E23}.Debug|Any CPU.Build.0 = Debug|Any CPU
		{5035F3EA-5E1D-4432-9CA8-277D36ED7E23}.Release|Any CPU.ActiveCfg = Release|Any CPU
		{5035F3EA-5E1D-4432-9CA8-277D36ED7E23}.Release|Any CPU.Build.0 = Release|Any CPU
	EndGlobalSection
	GlobalSection(SolutionProperties) = preSolution
		HideSolutionNode = FALSE
	EndGlobalSection
	GlobalSection(ExtensibilityGlobals) = postSolution
		SolutionGuid = {021B0695-DF09-476D-AD6C-A4A813EEDDA0}
	EndGlobalSection
EndGlobal
