
Microsoft Visual Studio Solution File, Format Version 12.00
# Visual Studio Version 17
VisualStudioVersion = 17.11.35219.272
MinimumVisualStudioVersion = 10.0.40219.1
Project("{FAE04EC0-301F-11D3-BF4B-00C04F79EFBC}") = "gamalier8", "gamalier8.csproj", "{29F8E96C-31DA-45D3-9667-EA2743BE3285}"
EndProject
Global
	GlobalSection(SolutionConfigurationPlatforms) = preSolution
		Debug|Any CPU = Debug|Any CPU
		Release|Any CPU = Release|Any CPU
	EndGlobalSection
	GlobalSection(ProjectConfigurationPlatforms) = postSolution
		{29F8E96C-31DA-45D3-9667-EA2743BE3285}.Debug|Any CPU.ActiveCfg = Debug|Any CPU
		{29F8E96C-31DA-45D3-9667-EA2743BE3285}.Debug|Any CPU.Build.0 = Debug|Any CPU
		{29F8E96C-31DA-45D3-9667-EA2743BE3285}.Release|Any CPU.ActiveCfg = Release|Any CPU
		{29F8E96C-31DA-45D3-9667-EA2743BE3285}.Release|Any CPU.Build.0 = Release|Any CPU
	EndGlobalSection
	GlobalSection(SolutionProperties) = preSolution
		HideSolutionNode = FALSE
	EndGlobalSection
	GlobalSection(ExtensibilityGlobals) = postSolution
		SolutionGuid = {662239D2-0987-4226-9124-88086BB6A01E}
	EndGlobalSection
EndGlobal
