
Microsoft Visual Studio Solution File, Format Version 12.00
# Visual Studio Version 17
VisualStudioVersion = 17.11.35219.272
MinimumVisualStudioVersion = 10.0.40219.1
Project("{FAE04EC0-301F-11D3-BF4B-00C04F79EFBC}") = "arreglosEnelcurso", "arreglosEnelcurso.csproj", "{D4E67AF2-70FC-4975-B77E-17A0671993CD}"
EndProject
Global
	GlobalSection(SolutionConfigurationPlatforms) = preSolution
		Debug|Any CPU = Debug|Any CPU
		Release|Any CPU = Release|Any CPU
	EndGlobalSection
	GlobalSection(ProjectConfigurationPlatforms) = postSolution
		{D4E67AF2-70FC-4975-B77E-17A0671993CD}.Debug|Any CPU.ActiveCfg = Debug|Any CPU
		{D4E67AF2-70FC-4975-B77E-17A0671993CD}.Debug|Any CPU.Build.0 = Debug|Any CPU
		{D4E67AF2-70FC-4975-B77E-17A0671993CD}.Release|Any CPU.ActiveCfg = Release|Any CPU
		{D4E67AF2-70FC-4975-B77E-17A0671993CD}.Release|Any CPU.Build.0 = Release|Any CPU
	EndGlobalSection
	GlobalSection(SolutionProperties) = preSolution
		HideSolutionNode = FALSE
	EndGlobalSection
	GlobalSection(ExtensibilityGlobals) = postSolution
		SolutionGuid = {2F969798-6811-4EF8-843E-587960C92B47}
	EndGlobalSection
EndGlobal
