
Microsoft Visual Studio Solution File, Format Version 12.00
# Visual Studio Version 17
VisualStudioVersion = 17.11.35219.272
MinimumVisualStudioVersion = 10.0.40219.1
Project("{FAE04EC0-301F-11D3-BF4B-00C04F79EFBC}") = "gama12", "gama12.csproj", "{7F76DB75-BF94-4F51-9757-47F9143D87D3}"
EndProject
Global
	GlobalSection(SolutionConfigurationPlatforms) = preSolution
		Debug|Any CPU = Debug|Any CPU
		Release|Any CPU = Release|Any CPU
	EndGlobalSection
	GlobalSection(ProjectConfigurationPlatforms) = postSolution
		{7F76DB75-BF94-4F51-9757-47F9143D87D3}.Debug|Any CPU.ActiveCfg = Debug|Any CPU
		{7F76DB75-BF94-4F51-9757-47F9143D87D3}.Debug|Any CPU.Build.0 = Debug|Any CPU
		{7F76DB75-BF94-4F51-9757-47F9143D87D3}.Release|Any CPU.ActiveCfg = Release|Any CPU
		{7F76DB75-BF94-4F51-9757-47F9143D87D3}.Release|Any CPU.Build.0 = Release|Any CPU
	EndGlobalSection
	GlobalSection(SolutionProperties) = preSolution
		HideSolutionNode = FALSE
	EndGlobalSection
	GlobalSection(ExtensibilityGlobals) = postSolution
		SolutionGuid = {0CD59B9A-DFF8-4F57-AA18-406AB446BB87}
	EndGlobalSection
EndGlobal
