
Microsoft Visual Studio Solution File, Format Version 12.00
# Visual Studio Version 17
VisualStudioVersion = 17.12.35707.178
MinimumVisualStudioVersion = 10.0.40219.1
Project("{FAE04EC0-301F-11D3-BF4B-00C04F79EFBC}") = "Capa Presentacion", "Capa Presentacion\Capa Presentacion.csproj", "{19BB3F53-B379-42DC-855D-DB06D284EC1A}"
EndProject
Project("{FAE04EC0-301F-11D3-BF4B-00C04F79EFBC}") = "Capa Negocio", "Capa Negocio\Capa Negocio.csproj", "{05287C11-C9D3-46F5-8079-7786530EF438}"
EndProject
Project("{FAE04EC0-301F-11D3-BF4B-00C04F79EFBC}") = "Capa Datos", "Capa Datos\Capa Datos.csproj", "{49B5F7F5-A807-4F82-8472-84E86C5E5121}"
EndProject
Global
	GlobalSection(SolutionConfigurationPlatforms) = preSolution
		Debug|Any CPU = Debug|Any CPU
		Release|Any CPU = Release|Any CPU
	EndGlobalSection
	GlobalSection(ProjectConfigurationPlatforms) = postSolution
		{19BB3F53-B379-42DC-855D-DB06D284EC1A}.Debug|Any CPU.ActiveCfg = Debug|Any CPU
		{19BB3F53-B379-42DC-855D-DB06D284EC1A}.Debug|Any CPU.Build.0 = Debug|Any CPU
		{19BB3F53-B379-42DC-855D-DB06D284EC1A}.Release|Any CPU.ActiveCfg = Release|Any CPU
		{19BB3F53-B379-42DC-855D-DB06D284EC1A}.Release|Any CPU.Build.0 = Release|Any CPU
		{05287C11-C9D3-46F5-8079-7786530EF438}.Debug|Any CPU.ActiveCfg = Debug|Any CPU
		{05287C11-C9D3-46F5-8079-7786530EF438}.Debug|Any CPU.Build.0 = Debug|Any CPU
		{05287C11-C9D3-46F5-8079-7786530EF438}.Release|Any CPU.ActiveCfg = Release|Any CPU
		{05287C11-C9D3-46F5-8079-7786530EF438}.Release|Any CPU.Build.0 = Release|Any CPU
		{49B5F7F5-A807-4F82-8472-84E86C5E5121}.Debug|Any CPU.ActiveCfg = Debug|Any CPU
		{49B5F7F5-A807-4F82-8472-84E86C5E5121}.Debug|Any CPU.Build.0 = Debug|Any CPU
		{49B5F7F5-A807-4F82-8472-84E86C5E5121}.Release|Any CPU.ActiveCfg = Release|Any CPU
		{49B5F7F5-A807-4F82-8472-84E86C5E5121}.Release|Any CPU.Build.0 = Release|Any CPU
	EndGlobalSection
	GlobalSection(SolutionProperties) = preSolution
		HideSolutionNode = FALSE
	EndGlobalSection
EndGlobal
