
Microsoft Visual Studio Solution File, Format Version 12.00
# Visual Studio Version 17
VisualStudioVersion = 17.11.35219.272
MinimumVisualStudioVersion = 10.0.40219.1
Project("{FAE04EC0-301F-11D3-BF4B-00C04F79EFBC}") = "gamalier1", "gamalier1.csproj", "{B3AE03D1-9209-4BC3-A645-F169BFC1D0DF}"
EndProject
Global
	GlobalSection(SolutionConfigurationPlatforms) = preSolution
		Debug|Any CPU = Debug|Any CPU
		Release|Any CPU = Release|Any CPU
	EndGlobalSection
	GlobalSection(ProjectConfigurationPlatforms) = postSolution
		{B3AE03D1-9209-4BC3-A645-F169BFC1D0DF}.Debug|Any CPU.ActiveCfg = Debug|Any CPU
		{B3AE03D1-9209-4BC3-A645-F169BFC1D0DF}.Debug|Any CPU.Build.0 = Debug|Any CPU
		{B3AE03D1-9209-4BC3-A645-F169BFC1D0DF}.Release|Any CPU.ActiveCfg = Release|Any CPU
		{B3AE03D1-9209-4BC3-A645-F169BFC1D0DF}.Release|Any CPU.Build.0 = Release|Any CPU
	EndGlobalSection
	GlobalSection(SolutionProperties) = preSolution
		HideSolutionNode = FALSE
	EndGlobalSection
	GlobalSection(ExtensibilityGlobals) = postSolution
		SolutionGuid = {A9EC4F75-41F7-4955-8191-2ECCEF42EE96}
	EndGlobalSection
EndGlobal
