
Microsoft Visual Studio Solution File, Format Version 12.00
# Visual Studio Version 17
VisualStudioVersion = 17.11.35219.272
MinimumVisualStudioVersion = 10.0.40219.1
Project("{FAE04EC0-301F-11D3-BF4B-00C04F79EFBC}") = "gamalier6", "gamalier6.csproj", "{1F3A92C7-F47C-43E1-B49C-64AF7816FA58}"
EndProject
Global
	GlobalSection(SolutionConfigurationPlatforms) = preSolution
		Debug|Any CPU = Debug|Any CPU
		Release|Any CPU = Release|Any CPU
	EndGlobalSection
	GlobalSection(ProjectConfigurationPlatforms) = postSolution
		{1F3A92C7-F47C-43E1-B49C-64AF7816FA58}.Debug|Any CPU.ActiveCfg = Debug|Any CPU
		{1F3A92C7-F47C-43E1-B49C-64AF7816FA58}.Debug|Any CPU.Build.0 = Debug|Any CPU
		{1F3A92C7-F47C-43E1-B49C-64AF7816FA58}.Release|Any CPU.ActiveCfg = Release|Any CPU
		{1F3A92C7-F47C-43E1-B49C-64AF7816FA58}.Release|Any CPU.Build.0 = Release|Any CPU
	EndGlobalSection
	GlobalSection(SolutionProperties) = preSolution
		HideSolutionNode = FALSE
	EndGlobalSection
	GlobalSection(ExtensibilityGlobals) = postSolution
		SolutionGuid = {A8EEF3E7-6A24-4E69-8252-BBDF8E5BF214}
	EndGlobalSection
EndGlobal
