
Microsoft Visual Studio Solution File, Format Version 12.00
# Visual Studio Version 17
VisualStudioVersion = 17.11.35219.272
MinimumVisualStudioVersion = 10.0.40219.1
Project("{FAE04EC0-301F-11D3-BF4B-00C04F79EFBC}") = "gama10", "gama10.csproj", "{91EA0B5A-13AB-460F-A90F-313AAD99D15C}"
EndProject
Global
	GlobalSection(SolutionConfigurationPlatforms) = preSolution
		Debug|Any CPU = Debug|Any CPU
		Release|Any CPU = Release|Any CPU
	EndGlobalSection
	GlobalSection(ProjectConfigurationPlatforms) = postSolution
		{91EA0B5A-13AB-460F-A90F-313AAD99D15C}.Debug|Any CPU.ActiveCfg = Debug|Any CPU
		{91EA0B5A-13AB-460F-A90F-313AAD99D15C}.Debug|Any CPU.Build.0 = Debug|Any CPU
		{91EA0B5A-13AB-460F-A90F-313AAD99D15C}.Release|Any CPU.ActiveCfg = Release|Any CPU
		{91EA0B5A-13AB-460F-A90F-313AAD99D15C}.Release|Any CPU.Build.0 = Release|Any CPU
	EndGlobalSection
	GlobalSection(SolutionProperties) = preSolution
		HideSolutionNode = FALSE
	EndGlobalSection
	GlobalSection(ExtensibilityGlobals) = postSolution
		SolutionGuid = {82BA0CA0-7836-4ECB-ABDD-5F2B55037ABA}
	EndGlobalSection
EndGlobal
